PODS:
  - CTMediator (18)
  - Masonry (1.1.0)
  - YYKit (1.0.9):
    - YYKit/no-arc (= 1.0.9)
  - YYKit/no-arc (1.0.9)

DEPENDENCIES:
  - CTMediator
  - Masonry
  - YYKit

SPEC REPOS:
  https://github.com/cocoapods/specs.git:
    - CTMediator
    - Masonry
    - YYKit

SPEC CHECKSUMS:
  CTMediator: 420e9d90f9f1fd740caf2238ed7ed64dc621c5b7
  Masonry: 678fab65091a9290e40e2832a55e7ab731aad201
  YYKit: 7cda43304a8dc3696c449041e2cb3107b4e236e7

PODFILE CHECKSUM: c89fa5904dd38f9df8f704be4d196ec95f932ad4

COCOAPODS: 1.5.3
