// !$*UTF8*$!
{
	archiveVersion = 1;
	classes = {
	};
	objectVersion = 48;
	objects = {

/* Begin PBXBuildFile section */
		6196E60420E0E5ED007A75D8 /* AppDelegate.m in Sources */ = {isa = PBXBuildFile; fileRef = 6196E60320E0E5ED007A75D8 /* AppDelegate.m */; };
		6196E60720E0E5ED007A75D8 /* ViewController.m in Sources */ = {isa = PBXBuildFile; fileRef = 6196E60620E0E5ED007A75D8 /* ViewController.m */; };
		6196E60A20E0E5ED007A75D8 /* Main.storyboard in Resources */ = {isa = PBXBuildFile; fileRef = 6196E60820E0E5ED007A75D8 /* Main.storyboard */; };
		6196E60C20E0E5ED007A75D8 /* Assets.xcassets in Resources */ = {isa = PBXBuildFile; fileRef = 6196E60B20E0E5ED007A75D8 /* Assets.xcassets */; };
		6196E60F20E0E5ED007A75D8 /* LaunchScreen.storyboard in Resources */ = {isa = PBXBuildFile; fileRef = 6196E60D20E0E5ED007A75D8 /* LaunchScreen.storyboard */; };
		6196E61220E0E5ED007A75D8 /* main.m in Sources */ = {isa = PBXBuildFile; fileRef = 6196E61120E0E5ED007A75D8 /* main.m */; };
		6196E61C20E0E5EE007A75D8 /* RouterDemoTests.m in Sources */ = {isa = PBXBuildFile; fileRef = 6196E61B20E0E5EE007A75D8 /* RouterDemoTests.m */; };
		6196E62720E0E5EE007A75D8 /* RouterDemoUITests.m in Sources */ = {isa = PBXBuildFile; fileRef = 6196E62620E0E5EE007A75D8 /* RouterDemoUITests.m */; };
		6196E80F20E1CE67007A75D8 /* AppDelegateRealize.m in Sources */ = {isa = PBXBuildFile; fileRef = 6196E7D020E1CE66007A75D8 /* AppDelegateRealize.m */; };
		6196E81020E1CE67007A75D8 /* JJAppDelegateModule.m in Sources */ = {isa = PBXBuildFile; fileRef = 6196E7D220E1CE66007A75D8 /* JJAppDelegateModule.m */; };
		6196E81120E1CE67007A75D8 /* JJRouter.m in Sources */ = {isa = PBXBuildFile; fileRef = 6196E7D420E1CE66007A75D8 /* JJRouter.m */; };
		6196E81220E1CE67007A75D8 /* RouterMsgSend.m in Sources */ = {isa = PBXBuildFile; fileRef = 6196E7D620E1CE66007A75D8 /* RouterMsgSend.m */; };
		6196E81320E1CE67007A75D8 /* NSObject+CurrentNav.m in Sources */ = {isa = PBXBuildFile; fileRef = 6196E7DA20E1CE66007A75D8 /* NSObject+CurrentNav.m */; };
		6196E81420E1CE67007A75D8 /* NSObject+JJModel.m in Sources */ = {isa = PBXBuildFile; fileRef = 6196E7DC20E1CE66007A75D8 /* NSObject+JJModel.m */; };
		6196E81520E1CE67007A75D8 /* NSObject+ObjDic.m in Sources */ = {isa = PBXBuildFile; fileRef = 6196E7DE20E1CE66007A75D8 /* NSObject+ObjDic.m */; };
		6196E81620E1CE67007A75D8 /* UIResponder+Event.m in Sources */ = {isa = PBXBuildFile; fileRef = 6196E7E020E1CE66007A75D8 /* UIResponder+Event.m */; };
		6196E81720E1CE67007A75D8 /* UIView+Event.m in Sources */ = {isa = PBXBuildFile; fileRef = 6196E7E220E1CE66007A75D8 /* UIView+Event.m */; };
		6196E81820E1CE67007A75D8 /* UIViewController+JJNavBar.m in Sources */ = {isa = PBXBuildFile; fileRef = 6196E7E420E1CE66007A75D8 /* UIViewController+JJNavBar.m */; };
		6196E81920E1CE67007A75D8 /* JJFunc.m in Sources */ = {isa = PBXBuildFile; fileRef = 6196E7E720E1CE66007A75D8 /* JJFunc.m */; };
		6196E81A20E1CE67007A75D8 /* JJNotify.m in Sources */ = {isa = PBXBuildFile; fileRef = 6196E7EB20E1CE66007A75D8 /* JJNotify.m */; };
		6196E81B20E1CE67007A75D8 /* JJBaseModuleProvider.m in Sources */ = {isa = PBXBuildFile; fileRef = 6196E7EE20E1CE66007A75D8 /* JJBaseModuleProvider.m */; };
		6196E81C20E1CE67007A75D8 /* JJProtocolManager.m in Sources */ = {isa = PBXBuildFile; fileRef = 6196E7F220E1CE66007A75D8 /* JJProtocolManager.m */; };
		6196E81D20E1CE67007A75D8 /* UIView+JJModule.m in Sources */ = {isa = PBXBuildFile; fileRef = 6196E7F420E1CE66007A75D8 /* UIView+JJModule.m */; };
		6196E81E20E1CE67007A75D8 /* UIViewController+JJModule.m in Sources */ = {isa = PBXBuildFile; fileRef = 6196E7F620E1CE66007A75D8 /* UIViewController+JJModule.m */; };
		6196E81F20E1CE67007A75D8 /* JJResource.m in Sources */ = {isa = PBXBuildFile; fileRef = 6196E7F920E1CE66007A75D8 /* JJResource.m */; };
		6196E82020E1CE67007A75D8 /* Action.m in Sources */ = {isa = PBXBuildFile; fileRef = 6196E80220E1CE67007A75D8 /* Action.m */; };
		6196E82120E1CE67007A75D8 /* JJActionJump.m in Sources */ = {isa = PBXBuildFile; fileRef = 6196E80420E1CE67007A75D8 /* JJActionJump.m */; };
		6196E82220E1CE67007A75D8 /* JJActionService.m in Sources */ = {isa = PBXBuildFile; fileRef = 6196E80620E1CE67007A75D8 /* JJActionService.m */; };
		6196E83320E1D36A007A75D8 /* JJMainModule.m in Sources */ = {isa = PBXBuildFile; fileRef = 6196E83120E1D368007A75D8 /* JJMainModule.m */; };
		6196E85220E1D5D7007A75D8 /* JJLoginViewController.m in Sources */ = {isa = PBXBuildFile; fileRef = 6196E84D20E1D5D7007A75D8 /* JJLoginViewController.m */; };
		6196E85320E1D5D7007A75D8 /* JJLoginViewController.xib in Resources */ = {isa = PBXBuildFile; fileRef = 6196E84E20E1D5D7007A75D8 /* JJLoginViewController.xib */; };
		6196E85420E1D5D7007A75D8 /* JJLoginProvider.m in Sources */ = {isa = PBXBuildFile; fileRef = 6196E85120E1D5D7007A75D8 /* JJLoginProvider.m */; };
		6196E86020E1DD26007A75D8 /* JJWebVCModuleProvider.m in Sources */ = {isa = PBXBuildFile; fileRef = 6196E85C20E1D82C007A75D8 /* JJWebVCModuleProvider.m */; };
		6196E86120E1DD64007A75D8 /* FTBannerWebViewController.m in Sources */ = {isa = PBXBuildFile; fileRef = 6196E85A20E1D82C007A75D8 /* FTBannerWebViewController.m */; };
		6196E86720E1DFAE007A75D8 /* Target_A.m in Sources */ = {isa = PBXBuildFile; fileRef = 6196E86620E1DFAE007A75D8 /* Target_A.m */; };
		6196E86A20E1E091007A75D8 /* CTMediator+ModuleLogin.m in Sources */ = {isa = PBXBuildFile; fileRef = 6196E86920E1E091007A75D8 /* CTMediator+ModuleLogin.m */; };
		6196E86D20E1E3AA007A75D8 /* CTMediator+ModuleWebView.m in Sources */ = {isa = PBXBuildFile; fileRef = 6196E86C20E1E3AA007A75D8 /* CTMediator+ModuleWebView.m */; };
		6196E87020E1E3C4007A75D8 /* Target_WebView.m in Sources */ = {isa = PBXBuildFile; fileRef = 6196E86F20E1E3C4007A75D8 /* Target_WebView.m */; };
		7486037ADED1D1E239CD4FE4 /* libPods-RouterDemo.a in Frameworks */ = {isa = PBXBuildFile; fileRef = 83469A85AC7DBC233C2DCAFD /* libPods-RouterDemo.a */; };
/* End PBXBuildFile section */

/* Begin PBXContainerItemProxy section */
		6196E61820E0E5EE007A75D8 /* PBXContainerItemProxy */ = {
			isa = PBXContainerItemProxy;
			containerPortal = 6196E5F720E0E5ED007A75D8 /* Project object */;
			proxyType = 1;
			remoteGlobalIDString = 6196E5FE20E0E5ED007A75D8;
			remoteInfo = RouterDemo;
		};
		6196E62320E0E5EE007A75D8 /* PBXContainerItemProxy */ = {
			isa = PBXContainerItemProxy;
			containerPortal = 6196E5F720E0E5ED007A75D8 /* Project object */;
			proxyType = 1;
			remoteGlobalIDString = 6196E5FE20E0E5ED007A75D8;
			remoteInfo = RouterDemo;
		};
/* End PBXContainerItemProxy section */

/* Begin PBXFileReference section */
		5E8192323F9C7043C77B2CF6 /* Pods-RouterDemo.release.xcconfig */ = {isa = PBXFileReference; includeInIndex = 1; lastKnownFileType = text.xcconfig; name = "Pods-RouterDemo.release.xcconfig"; path = "Pods/Target Support Files/Pods-RouterDemo/Pods-RouterDemo.release.xcconfig"; sourceTree = "<group>"; };
		6196E5FF20E0E5ED007A75D8 /* RouterDemo.app */ = {isa = PBXFileReference; explicitFileType = wrapper.application; includeInIndex = 0; path = RouterDemo.app; sourceTree = BUILT_PRODUCTS_DIR; };
		6196E60220E0E5ED007A75D8 /* AppDelegate.h */ = {isa = PBXFileReference; lastKnownFileType = sourcecode.c.h; path = AppDelegate.h; sourceTree = "<group>"; };
		6196E60320E0E5ED007A75D8 /* AppDelegate.m */ = {isa = PBXFileReference; lastKnownFileType = sourcecode.c.objc; path = AppDelegate.m; sourceTree = "<group>"; };
		6196E60520E0E5ED007A75D8 /* ViewController.h */ = {isa = PBXFileReference; lastKnownFileType = sourcecode.c.h; path = ViewController.h; sourceTree = "<group>"; };
		6196E60620E0E5ED007A75D8 /* ViewController.m */ = {isa = PBXFileReference; lastKnownFileType = sourcecode.c.objc; path = ViewController.m; sourceTree = "<group>"; };
		6196E60920E0E5ED007A75D8 /* Base */ = {isa = PBXFileReference; lastKnownFileType = file.storyboard; name = Base; path = Base.lproj/Main.storyboard; sourceTree = "<group>"; };
		6196E60B20E0E5ED007A75D8 /* Assets.xcassets */ = {isa = PBXFileReference; lastKnownFileType = folder.assetcatalog; path = Assets.xcassets; sourceTree = "<group>"; };
		6196E60E20E0E5ED007A75D8 /* Base */ = {isa = PBXFileReference; lastKnownFileType = file.storyboard; name = Base; path = Base.lproj/LaunchScreen.storyboard; sourceTree = "<group>"; };
		6196E61020E0E5ED007A75D8 /* Info.plist */ = {isa = PBXFileReference; lastKnownFileType = text.plist.xml; path = Info.plist; sourceTree = "<group>"; };
		6196E61120E0E5ED007A75D8 /* main.m */ = {isa = PBXFileReference; lastKnownFileType = sourcecode.c.objc; path = main.m; sourceTree = "<group>"; };
		6196E61720E0E5EE007A75D8 /* RouterDemoTests.xctest */ = {isa = PBXFileReference; explicitFileType = wrapper.cfbundle; includeInIndex = 0; path = RouterDemoTests.xctest; sourceTree = BUILT_PRODUCTS_DIR; };
		6196E61B20E0E5EE007A75D8 /* RouterDemoTests.m */ = {isa = PBXFileReference; lastKnownFileType = sourcecode.c.objc; path = RouterDemoTests.m; sourceTree = "<group>"; };
		6196E61D20E0E5EE007A75D8 /* Info.plist */ = {isa = PBXFileReference; lastKnownFileType = text.plist.xml; path = Info.plist; sourceTree = "<group>"; };
		6196E62220E0E5EE007A75D8 /* RouterDemoUITests.xctest */ = {isa = PBXFileReference; explicitFileType = wrapper.cfbundle; includeInIndex = 0; path = RouterDemoUITests.xctest; sourceTree = BUILT_PRODUCTS_DIR; };
		6196E62620E0E5EE007A75D8 /* RouterDemoUITests.m */ = {isa = PBXFileReference; lastKnownFileType = sourcecode.c.objc; path = RouterDemoUITests.m; sourceTree = "<group>"; };
		6196E62820E0E5EE007A75D8 /* Info.plist */ = {isa = PBXFileReference; lastKnownFileType = text.plist.xml; path = Info.plist; sourceTree = "<group>"; };
		6196E7CF20E1CE66007A75D8 /* AppDelegateRealize.h */ = {isa = PBXFileReference; fileEncoding = 4; lastKnownFileType = sourcecode.c.h; path = AppDelegateRealize.h; sourceTree = "<group>"; };
		6196E7D020E1CE66007A75D8 /* AppDelegateRealize.m */ = {isa = PBXFileReference; fileEncoding = 4; lastKnownFileType = sourcecode.c.objc; path = AppDelegateRealize.m; sourceTree = "<group>"; };
		6196E7D120E1CE66007A75D8 /* JJAppDelegateModule.h */ = {isa = PBXFileReference; fileEncoding = 4; lastKnownFileType = sourcecode.c.h; path = JJAppDelegateModule.h; sourceTree = "<group>"; };
		6196E7D220E1CE66007A75D8 /* JJAppDelegateModule.m */ = {isa = PBXFileReference; fileEncoding = 4; lastKnownFileType = sourcecode.c.objc; path = JJAppDelegateModule.m; sourceTree = "<group>"; };
		6196E7D320E1CE66007A75D8 /* JJRouter.h */ = {isa = PBXFileReference; fileEncoding = 4; lastKnownFileType = sourcecode.c.h; path = JJRouter.h; sourceTree = "<group>"; };
		6196E7D420E1CE66007A75D8 /* JJRouter.m */ = {isa = PBXFileReference; fileEncoding = 4; lastKnownFileType = sourcecode.c.objc; path = JJRouter.m; sourceTree = "<group>"; };
		6196E7D520E1CE66007A75D8 /* RouterMsgSend.h */ = {isa = PBXFileReference; fileEncoding = 4; lastKnownFileType = sourcecode.c.h; path = RouterMsgSend.h; sourceTree = "<group>"; };
		6196E7D620E1CE66007A75D8 /* RouterMsgSend.m */ = {isa = PBXFileReference; fileEncoding = 4; lastKnownFileType = sourcecode.c.objc; path = RouterMsgSend.m; sourceTree = "<group>"; };
		6196E7D920E1CE66007A75D8 /* NSObject+CurrentNav.h */ = {isa = PBXFileReference; fileEncoding = 4; lastKnownFileType = sourcecode.c.h; path = "NSObject+CurrentNav.h"; sourceTree = "<group>"; };
		6196E7DA20E1CE66007A75D8 /* NSObject+CurrentNav.m */ = {isa = PBXFileReference; fileEncoding = 4; lastKnownFileType = sourcecode.c.objc; path = "NSObject+CurrentNav.m"; sourceTree = "<group>"; };
		6196E7DB20E1CE66007A75D8 /* NSObject+JJModel.h */ = {isa = PBXFileReference; fileEncoding = 4; lastKnownFileType = sourcecode.c.h; path = "NSObject+JJModel.h"; sourceTree = "<group>"; };
		6196E7DC20E1CE66007A75D8 /* NSObject+JJModel.m */ = {isa = PBXFileReference; fileEncoding = 4; lastKnownFileType = sourcecode.c.objc; path = "NSObject+JJModel.m"; sourceTree = "<group>"; };
		6196E7DD20E1CE66007A75D8 /* NSObject+ObjDic.h */ = {isa = PBXFileReference; fileEncoding = 4; lastKnownFileType = sourcecode.c.h; path = "NSObject+ObjDic.h"; sourceTree = "<group>"; };
		6196E7DE20E1CE66007A75D8 /* NSObject+ObjDic.m */ = {isa = PBXFileReference; fileEncoding = 4; lastKnownFileType = sourcecode.c.objc; path = "NSObject+ObjDic.m"; sourceTree = "<group>"; };
		6196E7DF20E1CE66007A75D8 /* UIResponder+Event.h */ = {isa = PBXFileReference; fileEncoding = 4; lastKnownFileType = sourcecode.c.h; path = "UIResponder+Event.h"; sourceTree = "<group>"; };
		6196E7E020E1CE66007A75D8 /* UIResponder+Event.m */ = {isa = PBXFileReference; fileEncoding = 4; lastKnownFileType = sourcecode.c.objc; path = "UIResponder+Event.m"; sourceTree = "<group>"; };
		6196E7E120E1CE66007A75D8 /* UIView+Event.h */ = {isa = PBXFileReference; fileEncoding = 4; lastKnownFileType = sourcecode.c.h; path = "UIView+Event.h"; sourceTree = "<group>"; };
		6196E7E220E1CE66007A75D8 /* UIView+Event.m */ = {isa = PBXFileReference; fileEncoding = 4; lastKnownFileType = sourcecode.c.objc; path = "UIView+Event.m"; sourceTree = "<group>"; };
		6196E7E320E1CE66007A75D8 /* UIViewController+JJNavBar.h */ = {isa = PBXFileReference; fileEncoding = 4; lastKnownFileType = sourcecode.c.h; path = "UIViewController+JJNavBar.h"; sourceTree = "<group>"; };
		6196E7E420E1CE66007A75D8 /* UIViewController+JJNavBar.m */ = {isa = PBXFileReference; fileEncoding = 4; lastKnownFileType = sourcecode.c.objc; path = "UIViewController+JJNavBar.m"; sourceTree = "<group>"; };
		6196E7E620E1CE66007A75D8 /* JJFunc.h */ = {isa = PBXFileReference; fileEncoding = 4; lastKnownFileType = sourcecode.c.h; path = JJFunc.h; sourceTree = "<group>"; };
		6196E7E720E1CE66007A75D8 /* JJFunc.m */ = {isa = PBXFileReference; fileEncoding = 4; lastKnownFileType = sourcecode.c.objc; path = JJFunc.m; sourceTree = "<group>"; };
		6196E7E820E1CE66007A75D8 /* JJKit.h */ = {isa = PBXFileReference; fileEncoding = 4; lastKnownFileType = sourcecode.c.h; path = JJKit.h; sourceTree = "<group>"; };
		6196E7EA20E1CE66007A75D8 /* JJNotify.h */ = {isa = PBXFileReference; fileEncoding = 4; lastKnownFileType = sourcecode.c.h; path = JJNotify.h; sourceTree = "<group>"; };
		6196E7EB20E1CE66007A75D8 /* JJNotify.m */ = {isa = PBXFileReference; fileEncoding = 4; lastKnownFileType = sourcecode.c.objc; path = JJNotify.m; sourceTree = "<group>"; };
		6196E7ED20E1CE66007A75D8 /* JJBaseModuleProvider.h */ = {isa = PBXFileReference; fileEncoding = 4; lastKnownFileType = sourcecode.c.h; path = JJBaseModuleProvider.h; sourceTree = "<group>"; };
		6196E7EE20E1CE66007A75D8 /* JJBaseModuleProvider.m */ = {isa = PBXFileReference; fileEncoding = 4; lastKnownFileType = sourcecode.c.objc; path = JJBaseModuleProvider.m; sourceTree = "<group>"; };
		6196E7EF20E1CE66007A75D8 /* JJBaseProtocol.h */ = {isa = PBXFileReference; fileEncoding = 4; lastKnownFileType = sourcecode.c.h; path = JJBaseProtocol.h; sourceTree = "<group>"; };
		6196E7F020E1CE66007A75D8 /* JJProtocol.h */ = {isa = PBXFileReference; fileEncoding = 4; lastKnownFileType = sourcecode.c.h; path = JJProtocol.h; sourceTree = "<group>"; };
		6196E7F120E1CE66007A75D8 /* JJProtocolManager.h */ = {isa = PBXFileReference; fileEncoding = 4; lastKnownFileType = sourcecode.c.h; path = JJProtocolManager.h; sourceTree = "<group>"; };
		6196E7F220E1CE66007A75D8 /* JJProtocolManager.m */ = {isa = PBXFileReference; fileEncoding = 4; lastKnownFileType = sourcecode.c.objc; path = JJProtocolManager.m; sourceTree = "<group>"; };
		6196E7F320E1CE66007A75D8 /* UIView+JJModule.h */ = {isa = PBXFileReference; fileEncoding = 4; lastKnownFileType = sourcecode.c.h; path = "UIView+JJModule.h"; sourceTree = "<group>"; };
		6196E7F420E1CE66007A75D8 /* UIView+JJModule.m */ = {isa = PBXFileReference; fileEncoding = 4; lastKnownFileType = sourcecode.c.objc; path = "UIView+JJModule.m"; sourceTree = "<group>"; };
		6196E7F520E1CE66007A75D8 /* UIViewController+JJModule.h */ = {isa = PBXFileReference; fileEncoding = 4; lastKnownFileType = sourcecode.c.h; path = "UIViewController+JJModule.h"; sourceTree = "<group>"; };
		6196E7F620E1CE66007A75D8 /* UIViewController+JJModule.m */ = {isa = PBXFileReference; fileEncoding = 4; lastKnownFileType = sourcecode.c.objc; path = "UIViewController+JJModule.m"; sourceTree = "<group>"; };
		6196E7F820E1CE66007A75D8 /* JJResource.h */ = {isa = PBXFileReference; fileEncoding = 4; lastKnownFileType = sourcecode.c.h; path = JJResource.h; sourceTree = "<group>"; };
		6196E7F920E1CE66007A75D8 /* JJResource.m */ = {isa = PBXFileReference; fileEncoding = 4; lastKnownFileType = sourcecode.c.objc; path = JJResource.m; sourceTree = "<group>"; };
		6196E7FC20E1CE66007A75D8 /* JJMacro.h */ = {isa = PBXFileReference; fileEncoding = 4; lastKnownFileType = sourcecode.c.h; path = JJMacro.h; sourceTree = "<group>"; };
		6196E7FF20E1CE67007A75D8 /* JJActionJumpMacro.h */ = {isa = PBXFileReference; fileEncoding = 4; lastKnownFileType = sourcecode.c.h; path = JJActionJumpMacro.h; sourceTree = "<group>"; };
		6196E80120E1CE67007A75D8 /* Action.h */ = {isa = PBXFileReference; fileEncoding = 4; lastKnownFileType = sourcecode.c.h; path = Action.h; sourceTree = "<group>"; };
		6196E80220E1CE67007A75D8 /* Action.m */ = {isa = PBXFileReference; fileEncoding = 4; lastKnownFileType = sourcecode.c.objc; path = Action.m; sourceTree = "<group>"; };
		6196E80320E1CE67007A75D8 /* JJActionJump.h */ = {isa = PBXFileReference; fileEncoding = 4; lastKnownFileType = sourcecode.c.h; path = JJActionJump.h; sourceTree = "<group>"; };
		6196E80420E1CE67007A75D8 /* JJActionJump.m */ = {isa = PBXFileReference; fileEncoding = 4; lastKnownFileType = sourcecode.c.objc; path = JJActionJump.m; sourceTree = "<group>"; };
		6196E80520E1CE67007A75D8 /* JJActionService.h */ = {isa = PBXFileReference; fileEncoding = 4; lastKnownFileType = sourcecode.c.h; path = JJActionService.h; sourceTree = "<group>"; };
		6196E80620E1CE67007A75D8 /* JJActionService.m */ = {isa = PBXFileReference; fileEncoding = 4; lastKnownFileType = sourcecode.c.objc; path = JJActionService.m; sourceTree = "<group>"; };
		6196E83020E1D0D8007A75D8 /* PrefixHeader.pch */ = {isa = PBXFileReference; lastKnownFileType = sourcecode.c.h; path = PrefixHeader.pch; sourceTree = "<group>"; };
		6196E83120E1D368007A75D8 /* JJMainModule.m */ = {isa = PBXFileReference; fileEncoding = 4; lastKnownFileType = sourcecode.c.objc; path = JJMainModule.m; sourceTree = "<group>"; };
		6196E83220E1D36A007A75D8 /* JJMainModule.h */ = {isa = PBXFileReference; fileEncoding = 4; lastKnownFileType = sourcecode.c.h; path = JJMainModule.h; sourceTree = "<group>"; };
		6196E84B20E1D5D7007A75D8 /* JJLoginProtocol.h */ = {isa = PBXFileReference; fileEncoding = 4; lastKnownFileType = sourcecode.c.h; path = JJLoginProtocol.h; sourceTree = "<group>"; };
		6196E84C20E1D5D7007A75D8 /* JJLoginViewController.h */ = {isa = PBXFileReference; fileEncoding = 4; lastKnownFileType = sourcecode.c.h; path = JJLoginViewController.h; sourceTree = "<group>"; };
		6196E84D20E1D5D7007A75D8 /* JJLoginViewController.m */ = {isa = PBXFileReference; fileEncoding = 4; lastKnownFileType = sourcecode.c.objc; path = JJLoginViewController.m; sourceTree = "<group>"; };
		6196E84E20E1D5D7007A75D8 /* JJLoginViewController.xib */ = {isa = PBXFileReference; fileEncoding = 4; lastKnownFileType = file.xib; path = JJLoginViewController.xib; sourceTree = "<group>"; };
		6196E85020E1D5D7007A75D8 /* JJLoginProvider.h */ = {isa = PBXFileReference; fileEncoding = 4; lastKnownFileType = sourcecode.c.h; path = JJLoginProvider.h; sourceTree = "<group>"; };
		6196E85120E1D5D7007A75D8 /* JJLoginProvider.m */ = {isa = PBXFileReference; fileEncoding = 4; lastKnownFileType = sourcecode.c.objc; path = JJLoginProvider.m; sourceTree = "<group>"; };
		6196E85720E1D82C007A75D8 /* JJWebviewVCModuleProtocol.h */ = {isa = PBXFileReference; lastKnownFileType = sourcecode.c.h; path = JJWebviewVCModuleProtocol.h; sourceTree = "<group>"; };
		6196E85920E1D82C007A75D8 /* FTBannerWebViewController.h */ = {isa = PBXFileReference; lastKnownFileType = sourcecode.c.h; path = FTBannerWebViewController.h; sourceTree = "<group>"; };
		6196E85A20E1D82C007A75D8 /* FTBannerWebViewController.m */ = {isa = PBXFileReference; lastKnownFileType = sourcecode.c.objc; path = FTBannerWebViewController.m; sourceTree = "<group>"; };
		6196E85B20E1D82C007A75D8 /* JJWebVCModuleProvider.h */ = {isa = PBXFileReference; lastKnownFileType = sourcecode.c.h; path = JJWebVCModuleProvider.h; sourceTree = "<group>"; };
		6196E85C20E1D82C007A75D8 /* JJWebVCModuleProvider.m */ = {isa = PBXFileReference; lastKnownFileType = sourcecode.c.objc; path = JJWebVCModuleProvider.m; sourceTree = "<group>"; };
		6196E86520E1DFAE007A75D8 /* Target_A.h */ = {isa = PBXFileReference; lastKnownFileType = sourcecode.c.h; path = Target_A.h; sourceTree = "<group>"; };
		6196E86620E1DFAE007A75D8 /* Target_A.m */ = {isa = PBXFileReference; lastKnownFileType = sourcecode.c.objc; path = Target_A.m; sourceTree = "<group>"; };
		6196E86820E1E091007A75D8 /* CTMediator+ModuleLogin.h */ = {isa = PBXFileReference; lastKnownFileType = sourcecode.c.h; path = "CTMediator+ModuleLogin.h"; sourceTree = "<group>"; };
		6196E86920E1E091007A75D8 /* CTMediator+ModuleLogin.m */ = {isa = PBXFileReference; lastKnownFileType = sourcecode.c.objc; path = "CTMediator+ModuleLogin.m"; sourceTree = "<group>"; };
		6196E86B20E1E3AA007A75D8 /* CTMediator+ModuleWebView.h */ = {isa = PBXFileReference; lastKnownFileType = sourcecode.c.h; path = "CTMediator+ModuleWebView.h"; sourceTree = "<group>"; };
		6196E86C20E1E3AA007A75D8 /* CTMediator+ModuleWebView.m */ = {isa = PBXFileReference; lastKnownFileType = sourcecode.c.objc; path = "CTMediator+ModuleWebView.m"; sourceTree = "<group>"; };
		6196E86E20E1E3C4007A75D8 /* Target_WebView.h */ = {isa = PBXFileReference; lastKnownFileType = sourcecode.c.h; path = Target_WebView.h; sourceTree = "<group>"; };
		6196E86F20E1E3C4007A75D8 /* Target_WebView.m */ = {isa = PBXFileReference; lastKnownFileType = sourcecode.c.objc; path = Target_WebView.m; sourceTree = "<group>"; };
		83469A85AC7DBC233C2DCAFD /* libPods-RouterDemo.a */ = {isa = PBXFileReference; explicitFileType = archive.ar; includeInIndex = 0; path = "libPods-RouterDemo.a"; sourceTree = BUILT_PRODUCTS_DIR; };
		B5C715FD2EB271F6B94C6D62 /* Pods-RouterDemo.debug.xcconfig */ = {isa = PBXFileReference; includeInIndex = 1; lastKnownFileType = text.xcconfig; name = "Pods-RouterDemo.debug.xcconfig"; path = "Pods/Target Support Files/Pods-RouterDemo/Pods-RouterDemo.debug.xcconfig"; sourceTree = "<group>"; };
/* End PBXFileReference section */

/* Begin PBXFrameworksBuildPhase section */
		6196E5FC20E0E5ED007A75D8 /* Frameworks */ = {
			isa = PBXFrameworksBuildPhase;
			buildActionMask = 2147483647;
			files = (
				7486037ADED1D1E239CD4FE4 /* libPods-RouterDemo.a in Frameworks */,
			);
			runOnlyForDeploymentPostprocessing = 0;
		};
		6196E61420E0E5EE007A75D8 /* Frameworks */ = {
			isa = PBXFrameworksBuildPhase;
			buildActionMask = 2147483647;
			files = (
			);
			runOnlyForDeploymentPostprocessing = 0;
		};
		6196E61F20E0E5EE007A75D8 /* Frameworks */ = {
			isa = PBXFrameworksBuildPhase;
			buildActionMask = 2147483647;
			files = (
			);
			runOnlyForDeploymentPostprocessing = 0;
		};
/* End PBXFrameworksBuildPhase section */

/* Begin PBXGroup section */
		6196E5F620E0E5ED007A75D8 = {
			isa = PBXGroup;
			children = (
				6196E60120E0E5ED007A75D8 /* RouterDemo */,
				6196E61A20E0E5EE007A75D8 /* RouterDemoTests */,
				6196E62520E0E5EE007A75D8 /* RouterDemoUITests */,
				6196E60020E0E5ED007A75D8 /* Products */,
				E9FAB944E3D7EFF78D0678DA /* Pods */,
				F794D470492BD2EBCEC8C550 /* Frameworks */,
			);
			sourceTree = "<group>";
		};
		6196E60020E0E5ED007A75D8 /* Products */ = {
			isa = PBXGroup;
			children = (
				6196E5FF20E0E5ED007A75D8 /* RouterDemo.app */,
				6196E61720E0E5EE007A75D8 /* RouterDemoTests.xctest */,
				6196E62220E0E5EE007A75D8 /* RouterDemoUITests.xctest */,
			);
			name = Products;
			sourceTree = "<group>";
		};
		6196E60120E0E5ED007A75D8 /* RouterDemo */ = {
			isa = PBXGroup;
			children = (
				6196E83020E1D0D8007A75D8 /* PrefixHeader.pch */,
				6196E83220E1D36A007A75D8 /* JJMainModule.h */,
				6196E83120E1D368007A75D8 /* JJMainModule.m */,
				6196E7FD20E1CE67007A75D8 /* JJActionJump */,
				6196E7D720E1CE66007A75D8 /* JJKit */,
				6196E7CE20E1CE66007A75D8 /* JJRouter */,
				6196E84A20E1D5D7007A75D8 /* Login */,
				6196E85520E1D82C007A75D8 /* WebView */,
				6196E86220E1DEE2007A75D8 /* Target-Actions */,
				6196E60220E0E5ED007A75D8 /* AppDelegate.h */,
				6196E60320E0E5ED007A75D8 /* AppDelegate.m */,
				6196E60520E0E5ED007A75D8 /* ViewController.h */,
				6196E60620E0E5ED007A75D8 /* ViewController.m */,
				6196E60820E0E5ED007A75D8 /* Main.storyboard */,
				6196E60B20E0E5ED007A75D8 /* Assets.xcassets */,
				6196E60D20E0E5ED007A75D8 /* LaunchScreen.storyboard */,
				6196E61020E0E5ED007A75D8 /* Info.plist */,
				6196E61120E0E5ED007A75D8 /* main.m */,
			);
			path = RouterDemo;
			sourceTree = "<group>";
		};
		6196E61A20E0E5EE007A75D8 /* RouterDemoTests */ = {
			isa = PBXGroup;
			children = (
				6196E61B20E0E5EE007A75D8 /* RouterDemoTests.m */,
				6196E61D20E0E5EE007A75D8 /* Info.plist */,
			);
			path = RouterDemoTests;
			sourceTree = "<group>";
		};
		6196E62520E0E5EE007A75D8 /* RouterDemoUITests */ = {
			isa = PBXGroup;
			children = (
				6196E62620E0E5EE007A75D8 /* RouterDemoUITests.m */,
				6196E62820E0E5EE007A75D8 /* Info.plist */,
			);
			path = RouterDemoUITests;
			sourceTree = "<group>";
		};
		6196E7CE20E1CE66007A75D8 /* JJRouter */ = {
			isa = PBXGroup;
			children = (
				6196E7CF20E1CE66007A75D8 /* AppDelegateRealize.h */,
				6196E7D020E1CE66007A75D8 /* AppDelegateRealize.m */,
				6196E7D120E1CE66007A75D8 /* JJAppDelegateModule.h */,
				6196E7D220E1CE66007A75D8 /* JJAppDelegateModule.m */,
				6196E7D320E1CE66007A75D8 /* JJRouter.h */,
				6196E7D420E1CE66007A75D8 /* JJRouter.m */,
				6196E7D520E1CE66007A75D8 /* RouterMsgSend.h */,
				6196E7D620E1CE66007A75D8 /* RouterMsgSend.m */,
			);
			path = JJRouter;
			sourceTree = "<group>";
		};
		6196E7D720E1CE66007A75D8 /* JJKit */ = {
			isa = PBXGroup;
			children = (
				6196E7D820E1CE66007A75D8 /* Category */,
				6196E7E520E1CE66007A75D8 /* JJFunc */,
				6196E7E820E1CE66007A75D8 /* JJKit.h */,
				6196E7E920E1CE66007A75D8 /* JJNotify */,
				6196E7EC20E1CE66007A75D8 /* JJProtocol */,
				6196E7F720E1CE66007A75D8 /* JJResource */,
				6196E7FA20E1CE66007A75D8 /* lib */,
				6196E7FB20E1CE66007A75D8 /* Macro */,
			);
			path = JJKit;
			sourceTree = "<group>";
		};
		6196E7D820E1CE66007A75D8 /* Category */ = {
			isa = PBXGroup;
			children = (
				6196E7D920E1CE66007A75D8 /* NSObject+CurrentNav.h */,
				6196E7DA20E1CE66007A75D8 /* NSObject+CurrentNav.m */,
				6196E7DB20E1CE66007A75D8 /* NSObject+JJModel.h */,
				6196E7DC20E1CE66007A75D8 /* NSObject+JJModel.m */,
				6196E7DD20E1CE66007A75D8 /* NSObject+ObjDic.h */,
				6196E7DE20E1CE66007A75D8 /* NSObject+ObjDic.m */,
				6196E7DF20E1CE66007A75D8 /* UIResponder+Event.h */,
				6196E7E020E1CE66007A75D8 /* UIResponder+Event.m */,
				6196E7E120E1CE66007A75D8 /* UIView+Event.h */,
				6196E7E220E1CE66007A75D8 /* UIView+Event.m */,
				6196E7E320E1CE66007A75D8 /* UIViewController+JJNavBar.h */,
				6196E7E420E1CE66007A75D8 /* UIViewController+JJNavBar.m */,
			);
			path = Category;
			sourceTree = "<group>";
		};
		6196E7E520E1CE66007A75D8 /* JJFunc */ = {
			isa = PBXGroup;
			children = (
				6196E7E620E1CE66007A75D8 /* JJFunc.h */,
				6196E7E720E1CE66007A75D8 /* JJFunc.m */,
			);
			path = JJFunc;
			sourceTree = "<group>";
		};
		6196E7E920E1CE66007A75D8 /* JJNotify */ = {
			isa = PBXGroup;
			children = (
				6196E7EA20E1CE66007A75D8 /* JJNotify.h */,
				6196E7EB20E1CE66007A75D8 /* JJNotify.m */,
			);
			path = JJNotify;
			sourceTree = "<group>";
		};
		6196E7EC20E1CE66007A75D8 /* JJProtocol */ = {
			isa = PBXGroup;
			children = (
				6196E7ED20E1CE66007A75D8 /* JJBaseModuleProvider.h */,
				6196E7EE20E1CE66007A75D8 /* JJBaseModuleProvider.m */,
				6196E7EF20E1CE66007A75D8 /* JJBaseProtocol.h */,
				6196E7F020E1CE66007A75D8 /* JJProtocol.h */,
				6196E7F120E1CE66007A75D8 /* JJProtocolManager.h */,
				6196E7F220E1CE66007A75D8 /* JJProtocolManager.m */,
				6196E7F320E1CE66007A75D8 /* UIView+JJModule.h */,
				6196E7F420E1CE66007A75D8 /* UIView+JJModule.m */,
				6196E7F520E1CE66007A75D8 /* UIViewController+JJModule.h */,
				6196E7F620E1CE66007A75D8 /* UIViewController+JJModule.m */,
			);
			path = JJProtocol;
			sourceTree = "<group>";
		};
		6196E7F720E1CE66007A75D8 /* JJResource */ = {
			isa = PBXGroup;
			children = (
				6196E7F820E1CE66007A75D8 /* JJResource.h */,
				6196E7F920E1CE66007A75D8 /* JJResource.m */,
			);
			path = JJResource;
			sourceTree = "<group>";
		};
		6196E7FA20E1CE66007A75D8 /* lib */ = {
			isa = PBXGroup;
			children = (
			);
			path = lib;
			sourceTree = "<group>";
		};
		6196E7FB20E1CE66007A75D8 /* Macro */ = {
			isa = PBXGroup;
			children = (
				6196E7FC20E1CE66007A75D8 /* JJMacro.h */,
			);
			path = Macro;
			sourceTree = "<group>";
		};
		6196E7FD20E1CE67007A75D8 /* JJActionJump */ = {
			isa = PBXGroup;
			children = (
				6196E7FE20E1CE67007A75D8 /* Macro */,
				6196E80020E1CE67007A75D8 /* source */,
			);
			path = JJActionJump;
			sourceTree = "<group>";
		};
		6196E7FE20E1CE67007A75D8 /* Macro */ = {
			isa = PBXGroup;
			children = (
				6196E7FF20E1CE67007A75D8 /* JJActionJumpMacro.h */,
			);
			path = Macro;
			sourceTree = "<group>";
		};
		6196E80020E1CE67007A75D8 /* source */ = {
			isa = PBXGroup;
			children = (
				6196E80120E1CE67007A75D8 /* Action.h */,
				6196E80220E1CE67007A75D8 /* Action.m */,
				6196E80320E1CE67007A75D8 /* JJActionJump.h */,
				6196E80420E1CE67007A75D8 /* JJActionJump.m */,
				6196E80520E1CE67007A75D8 /* JJActionService.h */,
				6196E80620E1CE67007A75D8 /* JJActionService.m */,
			);
			path = source;
			sourceTree = "<group>";
		};
		6196E84A20E1D5D7007A75D8 /* Login */ = {
			isa = PBXGroup;
			children = (
				6196E84B20E1D5D7007A75D8 /* JJLoginProtocol.h */,
				6196E84C20E1D5D7007A75D8 /* JJLoginViewController.h */,
				6196E84D20E1D5D7007A75D8 /* JJLoginViewController.m */,
				6196E84E20E1D5D7007A75D8 /* JJLoginViewController.xib */,
				6196E84F20E1D5D7007A75D8 /* Source */,
			);
			path = Login;
			sourceTree = "<group>";
		};
		6196E84F20E1D5D7007A75D8 /* Source */ = {
			isa = PBXGroup;
			children = (
				6196E85020E1D5D7007A75D8 /* JJLoginProvider.h */,
				6196E85120E1D5D7007A75D8 /* JJLoginProvider.m */,
			);
			path = Source;
			sourceTree = "<group>";
		};
		6196E85520E1D82C007A75D8 /* WebView */ = {
			isa = PBXGroup;
			children = (
				6196E85620E1D82C007A75D8 /* Protocol */,
				6196E85820E1D82C007A75D8 /* Source */,
			);
			name = WebView;
			path = RouterDemo/WebView;
			sourceTree = SOURCE_ROOT;
		};
		6196E85620E1D82C007A75D8 /* Protocol */ = {
			isa = PBXGroup;
			children = (
				6196E85720E1D82C007A75D8 /* JJWebviewVCModuleProtocol.h */,
			);
			path = Protocol;
			sourceTree = "<group>";
		};
		6196E85820E1D82C007A75D8 /* Source */ = {
			isa = PBXGroup;
			children = (
				6196E85920E1D82C007A75D8 /* FTBannerWebViewController.h */,
				6196E85A20E1D82C007A75D8 /* FTBannerWebViewController.m */,
				6196E85B20E1D82C007A75D8 /* JJWebVCModuleProvider.h */,
				6196E85C20E1D82C007A75D8 /* JJWebVCModuleProvider.m */,
			);
			path = Source;
			sourceTree = "<group>";
		};
		6196E86220E1DEE2007A75D8 /* Target-Actions */ = {
			isa = PBXGroup;
			children = (
				6196E86420E1DF81007A75D8 /* LoginModuel */,
				6196E86320E1DF81007A75D8 /* WebviewModule */,
			);
			name = "Target-Actions";
			path = "RouterDemo/Target-Actions";
			sourceTree = SOURCE_ROOT;
		};
		6196E86320E1DF81007A75D8 /* WebviewModule */ = {
			isa = PBXGroup;
			children = (
				6196E86B20E1E3AA007A75D8 /* CTMediator+ModuleWebView.h */,
				6196E86C20E1E3AA007A75D8 /* CTMediator+ModuleWebView.m */,
				6196E86E20E1E3C4007A75D8 /* Target_WebView.h */,
				6196E86F20E1E3C4007A75D8 /* Target_WebView.m */,
			);
			path = WebviewModule;
			sourceTree = "<group>";
		};
		6196E86420E1DF81007A75D8 /* LoginModuel */ = {
			isa = PBXGroup;
			children = (
				6196E86820E1E091007A75D8 /* CTMediator+ModuleLogin.h */,
				6196E86920E1E091007A75D8 /* CTMediator+ModuleLogin.m */,
				6196E86520E1DFAE007A75D8 /* Target_A.h */,
				6196E86620E1DFAE007A75D8 /* Target_A.m */,
			);
			path = LoginModuel;
			sourceTree = "<group>";
		};
		E9FAB944E3D7EFF78D0678DA /* Pods */ = {
			isa = PBXGroup;
			children = (
				B5C715FD2EB271F6B94C6D62 /* Pods-RouterDemo.debug.xcconfig */,
				5E8192323F9C7043C77B2CF6 /* Pods-RouterDemo.release.xcconfig */,
			);
			name = Pods;
			sourceTree = "<group>";
		};
		F794D470492BD2EBCEC8C550 /* Frameworks */ = {
			isa = PBXGroup;
			children = (
				83469A85AC7DBC233C2DCAFD /* libPods-RouterDemo.a */,
			);
			name = Frameworks;
			sourceTree = "<group>";
		};
/* End PBXGroup section */

/* Begin PBXNativeTarget section */
		6196E5FE20E0E5ED007A75D8 /* RouterDemo */ = {
			isa = PBXNativeTarget;
			buildConfigurationList = 6196E62B20E0E5EE007A75D8 /* Build configuration list for PBXNativeTarget "RouterDemo" */;
			buildPhases = (
				A7BCCF6475C4D58B607EA8D0 /* [CP] Check Pods Manifest.lock */,
				6196E5FB20E0E5ED007A75D8 /* Sources */,
				6196E5FC20E0E5ED007A75D8 /* Frameworks */,
				6196E5FD20E0E5ED007A75D8 /* Resources */,
			);
			buildRules = (
			);
			dependencies = (
			);
			name = RouterDemo;
			productName = RouterDemo;
			productReference = 6196E5FF20E0E5ED007A75D8 /* RouterDemo.app */;
			productType = "com.apple.product-type.application";
		};
		6196E61620E0E5EE007A75D8 /* RouterDemoTests */ = {
			isa = PBXNativeTarget;
			buildConfigurationList = 6196E62E20E0E5EE007A75D8 /* Build configuration list for PBXNativeTarget "RouterDemoTests" */;
			buildPhases = (
				6196E61320E0E5EE007A75D8 /* Sources */,
				6196E61420E0E5EE007A75D8 /* Frameworks */,
				6196E61520E0E5EE007A75D8 /* Resources */,
			);
			buildRules = (
			);
			dependencies = (
				6196E61920E0E5EE007A75D8 /* PBXTargetDependency */,
			);
			name = RouterDemoTests;
			productName = RouterDemoTests;
			productReference = 6196E61720E0E5EE007A75D8 /* RouterDemoTests.xctest */;
			productType = "com.apple.product-type.bundle.unit-test";
		};
		6196E62120E0E5EE007A75D8 /* RouterDemoUITests */ = {
			isa = PBXNativeTarget;
			buildConfigurationList = 6196E63120E0E5EE007A75D8 /* Build configuration list for PBXNativeTarget "RouterDemoUITests" */;
			buildPhases = (
				6196E61E20E0E5EE007A75D8 /* Sources */,
				6196E61F20E0E5EE007A75D8 /* Frameworks */,
				6196E62020E0E5EE007A75D8 /* Resources */,
			);
			buildRules = (
			);
			dependencies = (
				6196E62420E0E5EE007A75D8 /* PBXTargetDependency */,
			);
			name = RouterDemoUITests;
			productName = RouterDemoUITests;
			productReference = 6196E62220E0E5EE007A75D8 /* RouterDemoUITests.xctest */;
			productType = "com.apple.product-type.bundle.ui-testing";
		};
/* End PBXNativeTarget section */

/* Begin PBXProject section */
		6196E5F720E0E5ED007A75D8 /* Project object */ = {
			isa = PBXProject;
			attributes = {
				LastUpgradeCheck = 0900;
				ORGANIZATIONNAME = luming;
				TargetAttributes = {
					6196E5FE20E0E5ED007A75D8 = {
						CreatedOnToolsVersion = 9.0;
						ProvisioningStyle = Manual;
					};
					6196E61620E0E5EE007A75D8 = {
						CreatedOnToolsVersion = 9.0;
						ProvisioningStyle = Automatic;
						TestTargetID = 6196E5FE20E0E5ED007A75D8;
					};
					6196E62120E0E5EE007A75D8 = {
						CreatedOnToolsVersion = 9.0;
						ProvisioningStyle = Automatic;
						TestTargetID = 6196E5FE20E0E5ED007A75D8;
					};
				};
			};
			buildConfigurationList = 6196E5FA20E0E5ED007A75D8 /* Build configuration list for PBXProject "RouterDemo" */;
			compatibilityVersion = "Xcode 8.0";
			developmentRegion = en;
			hasScannedForEncodings = 0;
			knownRegions = (
				en,
				Base,
			);
			mainGroup = 6196E5F620E0E5ED007A75D8;
			productRefGroup = 6196E60020E0E5ED007A75D8 /* Products */;
			projectDirPath = "";
			projectRoot = "";
			targets = (
				6196E5FE20E0E5ED007A75D8 /* RouterDemo */,
				6196E61620E0E5EE007A75D8 /* RouterDemoTests */,
				6196E62120E0E5EE007A75D8 /* RouterDemoUITests */,
			);
		};
/* End PBXProject section */

/* Begin PBXResourcesBuildPhase section */
		6196E5FD20E0E5ED007A75D8 /* Resources */ = {
			isa = PBXResourcesBuildPhase;
			buildActionMask = 2147483647;
			files = (
				6196E60F20E0E5ED007A75D8 /* LaunchScreen.storyboard in Resources */,
				6196E60C20E0E5ED007A75D8 /* Assets.xcassets in Resources */,
				6196E85320E1D5D7007A75D8 /* JJLoginViewController.xib in Resources */,
				6196E60A20E0E5ED007A75D8 /* Main.storyboard in Resources */,
			);
			runOnlyForDeploymentPostprocessing = 0;
		};
		6196E61520E0E5EE007A75D8 /* Resources */ = {
			isa = PBXResourcesBuildPhase;
			buildActionMask = 2147483647;
			files = (
			);
			runOnlyForDeploymentPostprocessing = 0;
		};
		6196E62020E0E5EE007A75D8 /* Resources */ = {
			isa = PBXResourcesBuildPhase;
			buildActionMask = 2147483647;
			files = (
			);
			runOnlyForDeploymentPostprocessing = 0;
		};
/* End PBXResourcesBuildPhase section */

/* Begin PBXShellScriptBuildPhase section */
		A7BCCF6475C4D58B607EA8D0 /* [CP] Check Pods Manifest.lock */ = {
			isa = PBXShellScriptBuildPhase;
			buildActionMask = 2147483647;
			files = (
			);
			inputPaths = (
				"${PODS_PODFILE_DIR_PATH}/Podfile.lock",
				"${PODS_ROOT}/Manifest.lock",
			);
			name = "[CP] Check Pods Manifest.lock";
			outputPaths = (
				"$(DERIVED_FILE_DIR)/Pods-RouterDemo-checkManifestLockResult.txt",
			);
			runOnlyForDeploymentPostprocessing = 0;
			shellPath = /bin/sh;
			shellScript = "diff \"${PODS_PODFILE_DIR_PATH}/Podfile.lock\" \"${PODS_ROOT}/Manifest.lock\" > /dev/null\nif [ $? != 0 ] ; then\n    # print error to STDERR\n    echo \"error: The sandbox is not in sync with the Podfile.lock. Run 'pod install' or update your CocoaPods installation.\" >&2\n    exit 1\nfi\n# This output is used by Xcode 'outputs' to avoid re-running this script phase.\necho \"SUCCESS\" > \"${SCRIPT_OUTPUT_FILE_0}\"\n";
			showEnvVarsInLog = 0;
		};
/* End PBXShellScriptBuildPhase section */

/* Begin PBXSourcesBuildPhase section */
		6196E5FB20E0E5ED007A75D8 /* Sources */ = {
			isa = PBXSourcesBuildPhase;
			buildActionMask = 2147483647;
			files = (
				6196E86120E1DD64007A75D8 /* FTBannerWebViewController.m in Sources */,
				6196E86A20E1E091007A75D8 /* CTMediator+ModuleLogin.m in Sources */,
				6196E86020E1DD26007A75D8 /* JJWebVCModuleProvider.m in Sources */,
				6196E81120E1CE67007A75D8 /* JJRouter.m in Sources */,
				6196E81C20E1CE67007A75D8 /* JJProtocolManager.m in Sources */,
				6196E81B20E1CE67007A75D8 /* JJBaseModuleProvider.m in Sources */,
				6196E82120E1CE67007A75D8 /* JJActionJump.m in Sources */,
				6196E60720E0E5ED007A75D8 /* ViewController.m in Sources */,
				6196E81D20E1CE67007A75D8 /* UIView+JJModule.m in Sources */,
				6196E81620E1CE67007A75D8 /* UIResponder+Event.m in Sources */,
				6196E87020E1E3C4007A75D8 /* Target_WebView.m in Sources */,
				6196E81E20E1CE67007A75D8 /* UIViewController+JJModule.m in Sources */,
				6196E81F20E1CE67007A75D8 /* JJResource.m in Sources */,
				6196E86D20E1E3AA007A75D8 /* CTMediator+ModuleWebView.m in Sources */,
				6196E86720E1DFAE007A75D8 /* Target_A.m in Sources */,
				6196E61220E0E5ED007A75D8 /* main.m in Sources */,
				6196E82020E1CE67007A75D8 /* Action.m in Sources */,
				6196E83320E1D36A007A75D8 /* JJMainModule.m in Sources */,
				6196E81320E1CE67007A75D8 /* NSObject+CurrentNav.m in Sources */,
				6196E81920E1CE67007A75D8 /* JJFunc.m in Sources */,
				6196E82220E1CE67007A75D8 /* JJActionService.m in Sources */,
				6196E81420E1CE67007A75D8 /* NSObject+JJModel.m in Sources */,
				6196E85220E1D5D7007A75D8 /* JJLoginViewController.m in Sources */,
				6196E81220E1CE67007A75D8 /* RouterMsgSend.m in Sources */,
				6196E81720E1CE67007A75D8 /* UIView+Event.m in Sources */,
				6196E60420E0E5ED007A75D8 /* AppDelegate.m in Sources */,
				6196E81020E1CE67007A75D8 /* JJAppDelegateModule.m in Sources */,
				6196E81520E1CE67007A75D8 /* NSObject+ObjDic.m in Sources */,
				6196E85420E1D5D7007A75D8 /* JJLoginProvider.m in Sources */,
				6196E80F20E1CE67007A75D8 /* AppDelegateRealize.m in Sources */,
				6196E81820E1CE67007A75D8 /* UIViewController+JJNavBar.m in Sources */,
				6196E81A20E1CE67007A75D8 /* JJNotify.m in Sources */,
			);
			runOnlyForDeploymentPostprocessing = 0;
		};
		6196E61320E0E5EE007A75D8 /* Sources */ = {
			isa = PBXSourcesBuildPhase;
			buildActionMask = 2147483647;
			files = (
				6196E61C20E0E5EE007A75D8 /* RouterDemoTests.m in Sources */,
			);
			runOnlyForDeploymentPostprocessing = 0;
		};
		6196E61E20E0E5EE007A75D8 /* Sources */ = {
			isa = PBXSourcesBuildPhase;
			buildActionMask = 2147483647;
			files = (
				6196E62720E0E5EE007A75D8 /* RouterDemoUITests.m in Sources */,
			);
			runOnlyForDeploymentPostprocessing = 0;
		};
/* End PBXSourcesBuildPhase section */

/* Begin PBXTargetDependency section */
		6196E61920E0E5EE007A75D8 /* PBXTargetDependency */ = {
			isa = PBXTargetDependency;
			target = 6196E5FE20E0E5ED007A75D8 /* RouterDemo */;
			targetProxy = 6196E61820E0E5EE007A75D8 /* PBXContainerItemProxy */;
		};
		6196E62420E0E5EE007A75D8 /* PBXTargetDependency */ = {
			isa = PBXTargetDependency;
			target = 6196E5FE20E0E5ED007A75D8 /* RouterDemo */;
			targetProxy = 6196E62320E0E5EE007A75D8 /* PBXContainerItemProxy */;
		};
/* End PBXTargetDependency section */

/* Begin PBXVariantGroup section */
		6196E60820E0E5ED007A75D8 /* Main.storyboard */ = {
			isa = PBXVariantGroup;
			children = (
				6196E60920E0E5ED007A75D8 /* Base */,
			);
			name = Main.storyboard;
			sourceTree = "<group>";
		};
		6196E60D20E0E5ED007A75D8 /* LaunchScreen.storyboard */ = {
			isa = PBXVariantGroup;
			children = (
				6196E60E20E0E5ED007A75D8 /* Base */,
			);
			name = LaunchScreen.storyboard;
			sourceTree = "<group>";
		};
/* End PBXVariantGroup section */

/* Begin XCBuildConfiguration section */
		6196E62920E0E5EE007A75D8 /* Debug */ = {
			isa = XCBuildConfiguration;
			buildSettings = {
				ALWAYS_SEARCH_USER_PATHS = NO;
				CLANG_ANALYZER_NONNULL = YES;
				CLANG_ANALYZER_NUMBER_OBJECT_CONVERSION = YES_AGGRESSIVE;
				CLANG_CXX_LANGUAGE_STANDARD = "gnu++14";
				CLANG_CXX_LIBRARY = "libc++";
				CLANG_ENABLE_MODULES = YES;
				CLANG_ENABLE_OBJC_ARC = YES;
				CLANG_WARN_BLOCK_CAPTURE_AUTORELEASING = YES;
				CLANG_WARN_BOOL_CONVERSION = YES;
				CLANG_WARN_COMMA = YES;
				CLANG_WARN_CONSTANT_CONVERSION = YES;
				CLANG_WARN_DIRECT_OBJC_ISA_USAGE = YES_ERROR;
				CLANG_WARN_DOCUMENTATION_COMMENTS = YES;
				CLANG_WARN_EMPTY_BODY = YES;
				CLANG_WARN_ENUM_CONVERSION = YES;
				CLANG_WARN_INFINITE_RECURSION = YES;
				CLANG_WARN_INT_CONVERSION = YES;
				CLANG_WARN_NON_LITERAL_NULL_CONVERSION = YES;
				CLANG_WARN_OBJC_LITERAL_CONVERSION = YES;
				CLANG_WARN_OBJC_ROOT_CLASS = YES_ERROR;
				CLANG_WARN_RANGE_LOOP_ANALYSIS = YES;
				CLANG_WARN_STRICT_PROTOTYPES = YES;
				CLANG_WARN_SUSPICIOUS_MOVE = YES;
				CLANG_WARN_UNGUARDED_AVAILABILITY = YES_AGGRESSIVE;
				CLANG_WARN_UNREACHABLE_CODE = YES;
				CLANG_WARN__DUPLICATE_METHOD_MATCH = YES;
				CODE_SIGN_IDENTITY = "iPhone Developer";
				COPY_PHASE_STRIP = NO;
				DEBUG_INFORMATION_FORMAT = dwarf;
				ENABLE_STRICT_OBJC_MSGSEND = YES;
				ENABLE_TESTABILITY = YES;
				GCC_C_LANGUAGE_STANDARD = gnu11;
				GCC_DYNAMIC_NO_PIC = NO;
				GCC_NO_COMMON_BLOCKS = YES;
				GCC_OPTIMIZATION_LEVEL = 0;
				GCC_PREPROCESSOR_DEFINITIONS = (
					"DEBUG=1",
					"$(inherited)",
				);
				GCC_WARN_64_TO_32_BIT_CONVERSION = YES;
				GCC_WARN_ABOUT_RETURN_TYPE = YES_ERROR;
				GCC_WARN_UNDECLARED_SELECTOR = YES;
				GCC_WARN_UNINITIALIZED_AUTOS = YES_AGGRESSIVE;
				GCC_WARN_UNUSED_FUNCTION = YES;
				GCC_WARN_UNUSED_VARIABLE = YES;
				IPHONEOS_DEPLOYMENT_TARGET = 11.0;
				MTL_ENABLE_DEBUG_INFO = YES;
				ONLY_ACTIVE_ARCH = YES;
				SDKROOT = iphoneos;
			};
			name = Debug;
		};
		6196E62A20E0E5EE007A75D8 /* Release */ = {
			isa = XCBuildConfiguration;
			buildSettings = {
				ALWAYS_SEARCH_USER_PATHS = NO;
				CLANG_ANALYZER_NONNULL = YES;
				CLANG_ANALYZER_NUMBER_OBJECT_CONVERSION = YES_AGGRESSIVE;
				CLANG_CXX_LANGUAGE_STANDARD = "gnu++14";
				CLANG_CXX_LIBRARY = "libc++";
				CLANG_ENABLE_MODULES = YES;
				CLANG_ENABLE_OBJC_ARC = YES;
				CLANG_WARN_BLOCK_CAPTURE_AUTORELEASING = YES;
				CLANG_WARN_BOOL_CONVERSION = YES;
				CLANG_WARN_COMMA = YES;
				CLANG_WARN_CONSTANT_CONVERSION = YES;
				CLANG_WARN_DIRECT_OBJC_ISA_USAGE = YES_ERROR;
				CLANG_WARN_DOCUMENTATION_COMMENTS = YES;
				CLANG_WARN_EMPTY_BODY = YES;
				CLANG_WARN_ENUM_CONVERSION = YES;
				CLANG_WARN_INFINITE_RECURSION = YES;
				CLANG_WARN_INT_CONVERSION = YES;
				CLANG_WARN_NON_LITERAL_NULL_CONVERSION = YES;
				CLANG_WARN_OBJC_LITERAL_CONVERSION = YES;
				CLANG_WARN_OBJC_ROOT_CLASS = YES_ERROR;
				CLANG_WARN_RANGE_LOOP_ANALYSIS = YES;
				CLANG_WARN_STRICT_PROTOTYPES = YES;
				CLANG_WARN_SUSPICIOUS_MOVE = YES;
				CLANG_WARN_UNGUARDED_AVAILABILITY = YES_AGGRESSIVE;
				CLANG_WARN_UNREACHABLE_CODE = YES;
				CLANG_WARN__DUPLICATE_METHOD_MATCH = YES;
				CODE_SIGN_IDENTITY = "iPhone Developer";
				COPY_PHASE_STRIP = NO;
				DEBUG_INFORMATION_FORMAT = "dwarf-with-dsym";
				ENABLE_NS_ASSERTIONS = NO;
				ENABLE_STRICT_OBJC_MSGSEND = YES;
				GCC_C_LANGUAGE_STANDARD = gnu11;
				GCC_NO_COMMON_BLOCKS = YES;
				GCC_WARN_64_TO_32_BIT_CONVERSION = YES;
				GCC_WARN_ABOUT_RETURN_TYPE = YES_ERROR;
				GCC_WARN_UNDECLARED_SELECTOR = YES;
				GCC_WARN_UNINITIALIZED_AUTOS = YES_AGGRESSIVE;
				GCC_WARN_UNUSED_FUNCTION = YES;
				GCC_WARN_UNUSED_VARIABLE = YES;
				IPHONEOS_DEPLOYMENT_TARGET = 11.0;
				MTL_ENABLE_DEBUG_INFO = NO;
				SDKROOT = iphoneos;
				VALIDATE_PRODUCT = YES;
			};
			name = Release;
		};
		6196E62C20E0E5EE007A75D8 /* Debug */ = {
			isa = XCBuildConfiguration;
			baseConfigurationReference = B5C715FD2EB271F6B94C6D62 /* Pods-RouterDemo.debug.xcconfig */;
			buildSettings = {
				ASSETCATALOG_COMPILER_APPICON_NAME = AppIcon;
				CODE_SIGN_STYLE = Manual;
				DEVELOPMENT_TEAM = "";
				GCC_PREFIX_HEADER = "$(SRCROOT)/RouterDemo/PrefixHeader.pch";
				INFOPLIST_FILE = RouterDemo/Info.plist;
				IPHONEOS_DEPLOYMENT_TARGET = 9.0;
				LD_RUNPATH_SEARCH_PATHS = "$(inherited) @executable_path/Frameworks";
				PRODUCT_BUNDLE_IDENTIFIER = luming.RouterDemo;
				PRODUCT_NAME = "$(TARGET_NAME)";
				PROVISIONING_PROFILE_SPECIFIER = "";
				TARGETED_DEVICE_FAMILY = "1,2";
			};
			name = Debug;
		};
		6196E62D20E0E5EE007A75D8 /* Release */ = {
			isa = XCBuildConfiguration;
			baseConfigurationReference = 5E8192323F9C7043C77B2CF6 /* Pods-RouterDemo.release.xcconfig */;
			buildSettings = {
				ASSETCATALOG_COMPILER_APPICON_NAME = AppIcon;
				CODE_SIGN_STYLE = Manual;
				DEVELOPMENT_TEAM = "";
				GCC_PREFIX_HEADER = "$(SRCROOT)/RouterDemo/PrefixHeader.pch";
				INFOPLIST_FILE = RouterDemo/Info.plist;
				IPHONEOS_DEPLOYMENT_TARGET = 9.0;
				LD_RUNPATH_SEARCH_PATHS = "$(inherited) @executable_path/Frameworks";
				PRODUCT_BUNDLE_IDENTIFIER = luming.RouterDemo;
				PRODUCT_NAME = "$(TARGET_NAME)";
				PROVISIONING_PROFILE_SPECIFIER = "";
				TARGETED_DEVICE_FAMILY = "1,2";
			};
			name = Release;
		};
		6196E62F20E0E5EE007A75D8 /* Debug */ = {
			isa = XCBuildConfiguration;
			buildSettings = {
				BUNDLE_LOADER = "$(TEST_HOST)";
				CODE_SIGN_STYLE = Automatic;
				INFOPLIST_FILE = RouterDemoTests/Info.plist;
				LD_RUNPATH_SEARCH_PATHS = "$(inherited) @executable_path/Frameworks @loader_path/Frameworks";
				PRODUCT_BUNDLE_IDENTIFIER = luming.RouterDemoTests;
				PRODUCT_NAME = "$(TARGET_NAME)";
				TARGETED_DEVICE_FAMILY = "1,2";
				TEST_HOST = "$(BUILT_PRODUCTS_DIR)/RouterDemo.app/RouterDemo";
			};
			name = Debug;
		};
		6196E63020E0E5EE007A75D8 /* Release */ = {
			isa = XCBuildConfiguration;
			buildSettings = {
				BUNDLE_LOADER = "$(TEST_HOST)";
				CODE_SIGN_STYLE = Automatic;
				INFOPLIST_FILE = RouterDemoTests/Info.plist;
				LD_RUNPATH_SEARCH_PATHS = "$(inherited) @executable_path/Frameworks @loader_path/Frameworks";
				PRODUCT_BUNDLE_IDENTIFIER = luming.RouterDemoTests;
				PRODUCT_NAME = "$(TARGET_NAME)";
				TARGETED_DEVICE_FAMILY = "1,2";
				TEST_HOST = "$(BUILT_PRODUCTS_DIR)/RouterDemo.app/RouterDemo";
			};
			name = Release;
		};
		6196E63220E0E5EE007A75D8 /* Debug */ = {
			isa = XCBuildConfiguration;
			buildSettings = {
				CODE_SIGN_STYLE = Automatic;
				INFOPLIST_FILE = RouterDemoUITests/Info.plist;
				LD_RUNPATH_SEARCH_PATHS = "$(inherited) @executable_path/Frameworks @loader_path/Frameworks";
				PRODUCT_BUNDLE_IDENTIFIER = luming.RouterDemoUITests;
				PRODUCT_NAME = "$(TARGET_NAME)";
				TARGETED_DEVICE_FAMILY = "1,2";
				TEST_TARGET_NAME = RouterDemo;
			};
			name = Debug;
		};
		6196E63320E0E5EE007A75D8 /* Release */ = {
			isa = XCBuildConfiguration;
			buildSettings = {
				CODE_SIGN_STYLE = Automatic;
				INFOPLIST_FILE = RouterDemoUITests/Info.plist;
				LD_RUNPATH_SEARCH_PATHS = "$(inherited) @executable_path/Frameworks @loader_path/Frameworks";
				PRODUCT_BUNDLE_IDENTIFIER = luming.RouterDemoUITests;
				PRODUCT_NAME = "$(TARGET_NAME)";
				TARGETED_DEVICE_FAMILY = "1,2";
				TEST_TARGET_NAME = RouterDemo;
			};
			name = Release;
		};
/* End XCBuildConfiguration section */

/* Begin XCConfigurationList section */
		6196E5FA20E0E5ED007A75D8 /* Build configuration list for PBXProject "RouterDemo" */ = {
			isa = XCConfigurationList;
			buildConfigurations = (
				6196E62920E0E5EE007A75D8 /* Debug */,
				6196E62A20E0E5EE007A75D8 /* Release */,
			);
			defaultConfigurationIsVisible = 0;
			defaultConfigurationName = Release;
		};
		6196E62B20E0E5EE007A75D8 /* Build configuration list for PBXNativeTarget "RouterDemo" */ = {
			isa = XCConfigurationList;
			buildConfigurations = (
				6196E62C20E0E5EE007A75D8 /* Debug */,
				6196E62D20E0E5EE007A75D8 /* Release */,
			);
			defaultConfigurationIsVisible = 0;
			defaultConfigurationName = Release;
		};
		6196E62E20E0E5EE007A75D8 /* Build configuration list for PBXNativeTarget "RouterDemoTests" */ = {
			isa = XCConfigurationList;
			buildConfigurations = (
				6196E62F20E0E5EE007A75D8 /* Debug */,
				6196E63020E0E5EE007A75D8 /* Release */,
			);
			defaultConfigurationIsVisible = 0;
			defaultConfigurationName = Release;
		};
		6196E63120E0E5EE007A75D8 /* Build configuration list for PBXNativeTarget "RouterDemoUITests" */ = {
			isa = XCConfigurationList;
			buildConfigurations = (
				6196E63220E0E5EE007A75D8 /* Debug */,
				6196E63320E0E5EE007A75D8 /* Release */,
			);
			defaultConfigurationIsVisible = 0;
			defaultConfigurationName = Release;
		};
/* End XCConfigurationList section */
	};
	rootObject = 6196E5F720E0E5ED007A75D8 /* Project object */;
}
